
Microsoft Visual Studio Solution File, Format Version 12.00
# Visual Studio Version 17
VisualStudioVersion = 17.4.33110.190
MinimumVisualStudioVersion = 10.0.40219.1
Project("{FAE04EC0-301F-11D3-BF4B-00C04F79EFBC}") = "WordSearch.Console", "WordSearch.Console\WordSearch.Console.csproj", "{4DDDA60B-9735-4F58-826C-A328AEDC2E1A}"
EndProject
Global
	GlobalSection(SolutionConfigurationPlatforms) = preSolution
		Debug|Any CPU = Debug|Any CPU
		Release|Any CPU = Release|Any CPU
	EndGlobalSection
	GlobalSection(ProjectConfigurationPlatforms) = postSolution
		{4DDDA60B-9735-4F58-826C-A328AEDC2E1A}.Debug|Any CPU.ActiveCfg = Debug|Any CPU
		{4DDDA60B-9735-4F58-826C-A328AEDC2E1A}.Debug|Any CPU.Build.0 = Debug|Any CPU
		{4DDDA60B-9735-4F58-826C-A328AEDC2E1A}.Release|Any CPU.ActiveCfg = Release|Any CPU
		{4DDDA60B-9735-4F58-826C-A328AEDC2E1A}.Release|Any CPU.Build.0 = Release|Any CPU
	EndGlobalSection
	GlobalSection(SolutionProperties) = preSolution
		HideSolutionNode = FALSE
	EndGlobalSection
	GlobalSection(ExtensibilityGlobals) = postSolution
		SolutionGuid = {FEC237AD-7B14-47F9-B5AA-0DCC59D8CE7F}
	EndGlobalSection
EndGlobal
